// !$*UTF8*$!
{
	archiveVersion = 1;
	classes = {
	};
	objectVersion = 51;
	objects = {

/* Begin PBXBuildFile section */
		5BED05824EAFB7A0F29F8B69 /* Pods_LocalFootball.framework in Frameworks */ = {isa = PBXBuildFile; fileRef = 55572B6D378AD514DFD81DDE /* Pods_LocalFootball.framework */; };
		BC0596DD2481916F0002A305 /* TableViewControllerWithFRC.swift in Sources */ = {isa = PBXBuildFile; fileRef = BC0596DC2481916E0002A305 /* TableViewControllerWithFRC.swift */; };
		BC07E56F2483F8BD00C64403 /* MatchTableViewCellConfigurator.swift in Sources */ = {isa = PBXBuildFile; fileRef = BC07E56E2483F8BD00C64403 /* MatchTableViewCellConfigurator.swift */; };
		BC07E5712483FA8400C64403 /* MatchesTableViewController+EventUIKit.swift in Sources */ = {isa = PBXBuildFile; fileRef = BC07E5702483FA8400C64403 /* MatchesTableViewController+EventUIKit.swift */; };
		BC07E5732483FAC400C64403 /* DetailTeamTableViewController+EventUIKit.swift in Sources */ = {isa = PBXBuildFile; fileRef = BC07E5722483FAC400C64403 /* DetailTeamTableViewController+EventUIKit.swift */; };
		BC07E5752483FDC600C64403 /* DetailTeamTableViewCellConfigurator.swift in Sources */ = {isa = PBXBuildFile; fileRef = BC07E5742483FDC600C64403 /* DetailTeamTableViewCellConfigurator.swift */; };
		BC07E5772484086D00C64403 /* TournamentTableViewCellConfigurator.swift in Sources */ = {isa = PBXBuildFile; fileRef = BC07E5762484086D00C64403 /* TournamentTableViewCellConfigurator.swift */; };
		BC07E57924840B2000C64403 /* ResultsTableTableViewCellConfigurator.swift in Sources */ = {isa = PBXBuildFile; fileRef = BC07E57824840B2000C64403 /* ResultsTableTableViewCellConfigurator.swift */; };
		BC07E57B24840CF800C64403 /* ResultsFormTableViewCellConfigurator.swift in Sources */ = {isa = PBXBuildFile; fileRef = BC07E57A24840CF800C64403 /* ResultsFormTableViewCellConfigurator.swift */; };
		BC07E58224842A0400C64403 /* cup.png in Resources */ = {isa = PBXBuildFile; fileRef = BC07E57D24842A0400C64403 /* cup.png */; };
		BC07E58324842A0400C64403 /* boyWithCup.png in Resources */ = {isa = PBXBuildFile; fileRef = BC07E57E24842A0400C64403 /* boyWithCup.png */; };
		BC07E58424842A0400C64403 /* boy1.png in Resources */ = {isa = PBXBuildFile; fileRef = BC07E57F24842A0400C64403 /* boy1.png */; };
		BC07E58524842A0400C64403 /* ball.png in Resources */ = {isa = PBXBuildFile; fileRef = BC07E58024842A0400C64403 /* ball.png */; };
		BC07E58824842D6900C64403 /* man.png in Resources */ = {isa = PBXBuildFile; fileRef = BC07E58624842D6900C64403 /* man.png */; };
		BC07E58924842D6900C64403 /* boy.png in Resources */ = {isa = PBXBuildFile; fileRef = BC07E58724842D6900C64403 /* boy.png */; };
		BC07E5982484517C00C64403 /* fullRequest20.json in Resources */ = {isa = PBXBuildFile; fileRef = BC07E5972484517C00C64403 /* fullRequest20.json */; };
		BC07E59A248455F400C64403 /* fullRequest30.json in Resources */ = {isa = PBXBuildFile; fileRef = BC07E599248455F300C64403 /* fullRequest30.json */; };
		BC0DEC122489581C00D8E600 /* TableViewControllerWithFRC + Alerts.swift in Sources */ = {isa = PBXBuildFile; fileRef = BC0DEC112489581C00D8E600 /* TableViewControllerWithFRC + Alerts.swift */; };
		BC112FCB2482AA3C006A2529 /* DefaultFetchedResultsControllerDelegate.swift in Sources */ = {isa = PBXBuildFile; fileRef = BC112FCA2482AA3C006A2529 /* DefaultFetchedResultsControllerDelegate.swift */; };
		BC210E15245329E10056DDE3 /* Statistics+CoreDataProperties.swift in Sources */ = {isa = PBXBuildFile; fileRef = BC210E07245329E10056DDE3 /* Statistics+CoreDataProperties.swift */; };
		BC210E17245329E10056DDE3 /* TeamStatistic+CoreDataProperties.swift in Sources */ = {isa = PBXBuildFile; fileRef = BC210E09245329E10056DDE3 /* TeamStatistic+CoreDataProperties.swift */; };
		BC210E19245329E10056DDE3 /* Match+CoreDataProperties.swift in Sources */ = {isa = PBXBuildFile; fileRef = BC210E0B245329E10056DDE3 /* Match+CoreDataProperties.swift */; };
		BC210E1F245329E10056DDE3 /* TournamentStatistics+CoreDataProperties.swift in Sources */ = {isa = PBXBuildFile; fileRef = BC210E11245329E10056DDE3 /* TournamentStatistics+CoreDataProperties.swift */; };
		BC24870124433D0F00454D14 /* TournamentStatistics+CoreDataClass.swift in Sources */ = {isa = PBXBuildFile; fileRef = BC2486FB24433D0F00454D14 /* TournamentStatistics+CoreDataClass.swift */; };
		BC24870524433EBF00454D14 /* TeamStatistic+CoreDataClass.swift in Sources */ = {isa = PBXBuildFile; fileRef = BC24870324433EBF00454D14 /* TeamStatistic+CoreDataClass.swift */; };
		BC3A2CA92444B7C60066D821 /* TeamsTableViewController.swift in Sources */ = {isa = PBXBuildFile; fileRef = BC3A2CA82444B7C60066D821 /* TeamsTableViewController.swift */; };
		BC42A7D12444A4080039A851 /* TabBarController.swift in Sources */ = {isa = PBXBuildFile; fileRef = BC42A7D02444A4080039A851 /* TabBarController.swift */; };
		BC42A7D42444B3090039A851 /* TeamTableViewCell.swift in Sources */ = {isa = PBXBuildFile; fileRef = BC42A7D22444B3090039A851 /* TeamTableViewCell.swift */; };
		BC42A7D52444B3090039A851 /* TeamTableViewCell.xib in Resources */ = {isa = PBXBuildFile; fileRef = BC42A7D32444B3090039A851 /* TeamTableViewCell.xib */; };
		BC45CD842446284400C1B580 /* tournaments.json in Resources */ = {isa = PBXBuildFile; fileRef = BC45CD832446284400C1B580 /* tournaments.json */; };
		BC45CD91244636FC00C1B580 /* Junior.png in Resources */ = {isa = PBXBuildFile; fileRef = BC45CD85244636FC00C1B580 /* Junior.png */; };
		BC45CD92244636FC00C1B580 /* CBF.png in Resources */ = {isa = PBXBuildFile; fileRef = BC45CD86244636FC00C1B580 /* CBF.png */; };
		BC45CD93244636FC00C1B580 /* Romania.png in Resources */ = {isa = PBXBuildFile; fileRef = BC45CD87244636FC00C1B580 /* Romania.png */; };
		BC45CD94244636FC00C1B580 /* Everton.png in Resources */ = {isa = PBXBuildFile; fileRef = BC45CD88244636FC00C1B580 /* Everton.png */; };
		BC45CD95244636FC00C1B580 /* FMF.png in Resources */ = {isa = PBXBuildFile; fileRef = BC45CD89244636FC00C1B580 /* FMF.png */; };
		BC45CD96244636FC00C1B580 /* WestHamUnited.png in Resources */ = {isa = PBXBuildFile; fileRef = BC45CD8A244636FC00C1B580 /* WestHamUnited.png */; };
		BC45CD97244636FC00C1B580 /* ASM.png in Resources */ = {isa = PBXBuildFile; fileRef = BC45CD8B244636FC00C1B580 /* ASM.png */; };
		BC45CD98244636FC00C1B580 /* Spartak.png in Resources */ = {isa = PBXBuildFile; fileRef = BC45CD8C244636FC00C1B580 /* Spartak.png */; };
		BC45CD99244636FC00C1B580 /* SuttonColdfield.png in Resources */ = {isa = PBXBuildFile; fileRef = BC45CD8D244636FC00C1B580 /* SuttonColdfield.png */; };
		BC45CD9A244636FC00C1B580 /* URBSFA.png in Resources */ = {isa = PBXBuildFile; fileRef = BC45CD8E244636FC00C1B580 /* URBSFA.png */; };
		BC45CD9B244636FC00C1B580 /* Sydney.png in Resources */ = {isa = PBXBuildFile; fileRef = BC45CD8F244636FC00C1B580 /* Sydney.png */; };
		BC45CD9C244636FC00C1B580 /* ManchesterUnited.png in Resources */ = {isa = PBXBuildFile; fileRef = BC45CD90244636FC00C1B580 /* ManchesterUnited.png */; };
		BC51CC5C2487A7D400EE1BE1 /* ExpandableCell.mov in Resources */ = {isa = PBXBuildFile; fileRef = BC51CC562487A7D400EE1BE1 /* ExpandableCell.mov */; };
		BC51CC5D2487A7D400EE1BE1 /* calendar2.mov in Resources */ = {isa = PBXBuildFile; fileRef = BC51CC572487A7D400EE1BE1 /* calendar2.mov */; };
		BC51CC5E2487A7D400EE1BE1 /* calendar3.mov in Resources */ = {isa = PBXBuildFile; fileRef = BC51CC582487A7D400EE1BE1 /* calendar3.mov */; };
		BC51CC5F2487A7D400EE1BE1 /* calendar1.mov in Resources */ = {isa = PBXBuildFile; fileRef = BC51CC592487A7D400EE1BE1 /* calendar1.mov */; };
		BC51CC602487A7D400EE1BE1 /* pagination.mov in Resources */ = {isa = PBXBuildFile; fileRef = BC51CC5A2487A7D400EE1BE1 /* pagination.mov */; };
		BC51CC612487A7D400EE1BE1 /* Презентация.key in Resources */ = {isa = PBXBuildFile; fileRef = BC51CC5B2487A7D400EE1BE1 /* Презентация.key */; };
		BC559A4224543E44007028F5 /* Team+CoreDataProperties.swift in Sources */ = {isa = PBXBuildFile; fileRef = BC559A4024543E44007028F5 /* Team+CoreDataProperties.swift */; };
		BC559A4324543E44007028F5 /* Tournament+CoreDataProperties.swift in Sources */ = {isa = PBXBuildFile; fileRef = BC559A4124543E44007028F5 /* Tournament+CoreDataProperties.swift */; };
		BC73BEA3245C552E00700A04 /* ResultsTableSectionHeader.xib in Resources */ = {isa = PBXBuildFile; fileRef = BC73BEA2245C552E00700A04 /* ResultsTableSectionHeader.xib */; };
		BC7BA27C24812A2E00753A1E /* DataManagerProtocol.swift in Sources */ = {isa = PBXBuildFile; fileRef = BC7BA27B24812A2E00753A1E /* DataManagerProtocol.swift */; };
		BC7BA27E24812E2100753A1E /* TestDataManager.swift in Sources */ = {isa = PBXBuildFile; fileRef = BC7BA27D24812E2100753A1E /* TestDataManager.swift */; };
		BC7F30B6245050900021BB0B /* teams3.json in Resources */ = {isa = PBXBuildFile; fileRef = BC7F30B3245050900021BB0B /* teams3.json */; };
		BC7F30B7245050900021BB0B /* teams2.json in Resources */ = {isa = PBXBuildFile; fileRef = BC7F30B4245050900021BB0B /* teams2.json */; };
		BC7F30B8245050900021BB0B /* teams4.json in Resources */ = {isa = PBXBuildFile; fileRef = BC7F30B5245050900021BB0B /* teams4.json */; };
		BC9CA0D32446061C0017B952 /* TournamentTableViewCell.swift in Sources */ = {isa = PBXBuildFile; fileRef = BC9CA0D12446061C0017B952 /* TournamentTableViewCell.swift */; };
		BC9CA0D42446061C0017B952 /* TournamentTableViewCell.xib in Resources */ = {isa = PBXBuildFile; fileRef = BC9CA0D22446061C0017B952 /* TournamentTableViewCell.xib */; };
		BC9CA0D62446063A0017B952 /* TournamentsTableViewController.swift in Sources */ = {isa = PBXBuildFile; fileRef = BC9CA0D52446063A0017B952 /* TournamentsTableViewController.swift */; };
		BCA65EB5244A314500FF9C93 /* DetailTeamTableViewCell.swift in Sources */ = {isa = PBXBuildFile; fileRef = BCA65EB3244A314500FF9C93 /* DetailTeamTableViewCell.swift */; };
		BCA65EB6244A314500FF9C93 /* DetailTeamTableViewCell.xib in Resources */ = {isa = PBXBuildFile; fileRef = BCA65EB4244A314500FF9C93 /* DetailTeamTableViewCell.xib */; };
		BCA65EB8244A3EB500FF9C93 /* DetailTeamTableViewController.swift in Sources */ = {isa = PBXBuildFile; fileRef = BCA65EB7244A3EB500FF9C93 /* DetailTeamTableViewController.swift */; };
		BCA82347244093A700FA67FF /* Statistics+CoreDataClass.swift in Sources */ = {isa = PBXBuildFile; fileRef = BCA82341244093A700FA67FF /* Statistics+CoreDataClass.swift */; };
		BCA82349244093A700FA67FF /* Team+CoreDataClass.swift in Sources */ = {isa = PBXBuildFile; fileRef = BCA82343244093A700FA67FF /* Team+CoreDataClass.swift */; };
		BCA8234B244093A700FA67FF /* Match+CoreDataClass.swift in Sources */ = {isa = PBXBuildFile; fileRef = BCA82345244093A700FA67FF /* Match+CoreDataClass.swift */; };
		BCA823562440C6FE00FA67FF /* matches.json in Resources */ = {isa = PBXBuildFile; fileRef = BCA823552440C6FE00FA67FF /* matches.json */; };
		BCA823592440E3DA00FA67FF /* Tournament+CoreDataClass.swift in Sources */ = {isa = PBXBuildFile; fileRef = BCA823572440E3D900FA67FF /* Tournament+CoreDataClass.swift */; };
		BCAC0D702459A40900B1EFA6 /* ResultsTableViewController.swift in Sources */ = {isa = PBXBuildFile; fileRef = BCAC0D6F2459A40900B1EFA6 /* ResultsTableViewController.swift */; };
		BCB09C7A246B25380070D16D /* fullRequest12.json in Resources */ = {isa = PBXBuildFile; fileRef = BCB09C78246B25380070D16D /* fullRequest12.json */; };
		BCB09C7B246B25380070D16D /* fullRequest11.json in Resources */ = {isa = PBXBuildFile; fileRef = BCB09C79246B25380070D16D /* fullRequest11.json */; };
		BCB1ADF1244875F7000E3872 /* FIFA2018.png in Resources */ = {isa = PBXBuildFile; fileRef = BCB1ADEE244875F6000E3872 /* FIFA2018.png */; };
		BCB1ADF2244875F7000E3872 /* IFLimage.png in Resources */ = {isa = PBXBuildFile; fileRef = BCB1ADEF244875F7000E3872 /* IFLimage.png */; };
		BCB1ADF3244875F7000E3872 /* FIFA2019.png in Resources */ = {isa = PBXBuildFile; fileRef = BCB1ADF0244875F7000E3872 /* FIFA2019.png */; };
		BCB85548244067E5004BEA34 /* Millionarios.png in Resources */ = {isa = PBXBuildFile; fileRef = BCB85544244067E5004BEA34 /* Millionarios.png */; };
		BCB85549244067E5004BEA34 /* RealMadrid.png in Resources */ = {isa = PBXBuildFile; fileRef = BCB85545244067E5004BEA34 /* RealMadrid.png */; };
		BCB8554A244067E5004BEA34 /* FCB.png in Resources */ = {isa = PBXBuildFile; fileRef = BCB85546244067E5004BEA34 /* FCB.png */; };
		BCB8554B244067E5004BEA34 /* Wolf.png in Resources */ = {isa = PBXBuildFile; fileRef = BCB85547244067E5004BEA34 /* Wolf.png */; };
		BCBBAF1B248834D500D41813 /* matches.png in Resources */ = {isa = PBXBuildFile; fileRef = BCBBAF18248834D500D41813 /* matches.png */; };
		BCBBAF1C248834D500D41813 /* table.png in Resources */ = {isa = PBXBuildFile; fileRef = BCBBAF19248834D500D41813 /* table.png */; };
		BCBBAF1D248834D500D41813 /* teams&tournaments.png in Resources */ = {isa = PBXBuildFile; fileRef = BCBBAF1A248834D500D41813 /* teams&tournaments.png */; };
		BCBDFB1F24583B1E003C4EA5 /* fullRequest1.json in Resources */ = {isa = PBXBuildFile; fileRef = BCBDFB1E24583B1E003C4EA5 /* fullRequest1.json */; };
		BCC59AC8243F88B20066A870 /* LocalFootball.xcdatamodeld in Sources */ = {isa = PBXBuildFile; fileRef = BCC59AC6243F88B10066A870 /* LocalFootball.xcdatamodeld */; };
		BCC79C21246D67C000197E57 /* EventsCalendarManager.swift in Sources */ = {isa = PBXBuildFile; fileRef = BCC79C20246D67C000197E57 /* EventsCalendarManager.swift */; };
		BCD17C5B2484FA0B0008216E /* CustomAlertViewController.swift in Sources */ = {isa = PBXBuildFile; fileRef = BCD17C592484FA0B0008216E /* CustomAlertViewController.swift */; };
		BCD17C5C2484FA0B0008216E /* CustomAlertViewController.xib in Resources */ = {isa = PBXBuildFile; fileRef = BCD17C5A2484FA0B0008216E /* CustomAlertViewController.xib */; };
		BCD8DCB424584E050053D930 /* matches1.json in Resources */ = {isa = PBXBuildFile; fileRef = BCD8DCAF24584E050053D930 /* matches1.json */; };
		BCD8DCB524584E050053D930 /* fullRequest2.json in Resources */ = {isa = PBXBuildFile; fileRef = BCD8DCB024584E050053D930 /* fullRequest2.json */; };
		BCD8DCB624584E050053D930 /* matches2.json in Resources */ = {isa = PBXBuildFile; fileRef = BCD8DCB124584E050053D930 /* matches2.json */; };
		BCD8DCB724584E050053D930 /* matches3.json in Resources */ = {isa = PBXBuildFile; fileRef = BCD8DCB224584E050053D930 /* matches3.json */; };
		BCD8DCB824584E050053D930 /* fullRequest3.json in Resources */ = {isa = PBXBuildFile; fileRef = BCD8DCB324584E050053D930 /* fullRequest3.json */; };
		BCE60A03245C8B6F001B7197 /* ResultsFormTableViewCell.swift in Sources */ = {isa = PBXBuildFile; fileRef = BCE60A01245C8B6F001B7197 /* ResultsFormTableViewCell.swift */; };
		BCE60A04245C8B6F001B7197 /* ResultsFormTableViewCell.xib in Resources */ = {isa = PBXBuildFile; fileRef = BCE60A02245C8B6F001B7197 /* ResultsFormTableViewCell.xib */; };
		BCE7035124434BE0009D55FC /* teams.json in Resources */ = {isa = PBXBuildFile; fileRef = BCE7034F24434BDF009D55FC /* teams.json */; };
		BCE7035624434CC6009D55FC /* teams1.json in Resources */ = {isa = PBXBuildFile; fileRef = BCE7035524434CC6009D55FC /* teams1.json */; };
		BCE747D92443852700984011 /* CoreDataManager.swift in Sources */ = {isa = PBXBuildFile; fileRef = BCE747D82443852700984011 /* CoreDataManager.swift */; };
		BCE747DE2443A63000984011 /* MatchesTableViewController.swift in Sources */ = {isa = PBXBuildFile; fileRef = BCE747DC2443A63000984011 /* MatchesTableViewController.swift */; };
		BCE747E22443AD1600984011 /* MatchTableViewCell.swift in Sources */ = {isa = PBXBuildFile; fileRef = BCE747E02443AD1600984011 /* MatchTableViewCell.swift */; };
		BCE747E32443AD1600984011 /* MatchTableViewCell.xib in Resources */ = {isa = PBXBuildFile; fileRef = BCE747E12443AD1600984011 /* MatchTableViewCell.xib */; };
		BCE79CB72459EF4F003B6767 /* ResultsTableTableViewCell.swift in Sources */ = {isa = PBXBuildFile; fileRef = BCE79CB52459EF4F003B6767 /* ResultsTableTableViewCell.swift */; };
		BCE79CB82459EF4F003B6767 /* ResultsTableTableViewCell.xib in Resources */ = {isa = PBXBuildFile; fileRef = BCE79CB62459EF4F003B6767 /* ResultsTableTableViewCell.xib */; };
		BCF018B7244DA6D800EBD578 /* DataProvider.swift in Sources */ = {isa = PBXBuildFile; fileRef = BCF018B6244DA6D800EBD578 /* DataProvider.swift */; };
		BCF0C5EA2450B5D50024DB18 /* SceneDelegate.swift in Sources */ = {isa = PBXBuildFile; fileRef = BCF0C5E92450B5D50024DB18 /* SceneDelegate.swift */; };
		BCF505D72482EDE200A0D3F2 /* ResultsTableSectionHeader.swift in Sources */ = {isa = PBXBuildFile; fileRef = BCF505D62482EDE200A0D3F2 /* ResultsTableSectionHeader.swift */; };
		BCF5D593243F70D5009E9876 /* AppDelegate.swift in Sources */ = {isa = PBXBuildFile; fileRef = BCF5D592243F70D5009E9876 /* AppDelegate.swift */; };
		BCF5D59F243F70D7009E9876 /* Assets.xcassets in Resources */ = {isa = PBXBuildFile; fileRef = BCF5D59E243F70D7009E9876 /* Assets.xcassets */; };
		BCF5D5A2243F70D7009E9876 /* LaunchScreen.storyboard in Resources */ = {isa = PBXBuildFile; fileRef = BCF5D5A0243F70D7009E9876 /* LaunchScreen.storyboard */; };
		BCFDA389244C81E200158C9C /* NetworkManager.swift in Sources */ = {isa = PBXBuildFile; fileRef = BCFDA388244C81E200158C9C /* NetworkManager.swift */; };
/* End PBXBuildFile section */

/* Begin PBXFileReference section */
		55572B6D378AD514DFD81DDE /* Pods_LocalFootball.framework */ = {isa = PBXFileReference; explicitFileType = wrapper.framework; includeInIndex = 0; path = Pods_LocalFootball.framework; sourceTree = BUILT_PRODUCTS_DIR; };
		661884AD00B4875E8D5DAA74 /* Pods-LocalFootball.release.xcconfig */ = {isa = PBXFileReference; includeInIndex = 1; lastKnownFileType = text.xcconfig; name = "Pods-LocalFootball.release.xcconfig"; path = "Target Support Files/Pods-LocalFootball/Pods-LocalFootball.release.xcconfig"; sourceTree = "<group>"; };
		BC0596DC2481916E0002A305 /* TableViewControllerWithFRC.swift */ = {isa = PBXFileReference; lastKnownFileType = sourcecode.swift; path = TableViewControllerWithFRC.swift; sourceTree = "<group>"; };
		BC07E56E2483F8BD00C64403 /* MatchTableViewCellConfigurator.swift */ = {isa = PBXFileReference; lastKnownFileType = sourcecode.swift; path = MatchTableViewCellConfigurator.swift; sourceTree = "<group>"; };
		BC07E5702483FA8400C64403 /* MatchesTableViewController+EventUIKit.swift */ = {isa = PBXFileReference; lastKnownFileType = sourcecode.swift; path = "MatchesTableViewController+EventUIKit.swift"; sourceTree = "<group>"; };
		BC07E5722483FAC400C64403 /* DetailTeamTableViewController+EventUIKit.swift */ = {isa = PBXFileReference; lastKnownFileType = sourcecode.swift; path = "DetailTeamTableViewController+EventUIKit.swift"; sourceTree = "<group>"; };
		BC07E5742483FDC600C64403 /* DetailTeamTableViewCellConfigurator.swift */ = {isa = PBXFileReference; lastKnownFileType = sourcecode.swift; path = DetailTeamTableViewCellConfigurator.swift; sourceTree = "<group>"; };
		BC07E5762484086D00C64403 /* TournamentTableViewCellConfigurator.swift */ = {isa = PBXFileReference; lastKnownFileType = sourcecode.swift; path = TournamentTableViewCellConfigurator.swift; sourceTree = "<group>"; };
		BC07E57824840B2000C64403 /* ResultsTableTableViewCellConfigurator.swift */ = {isa = PBXFileReference; lastKnownFileType = sourcecode.swift; path = ResultsTableTableViewCellConfigurator.swift; sourceTree = "<group>"; };
		BC07E57A24840CF800C64403 /* ResultsFormTableViewCellConfigurator.swift */ = {isa = PBXFileReference; lastKnownFileType = sourcecode.swift; path = ResultsFormTableViewCellConfigurator.swift; sourceTree = "<group>"; };
		BC07E57D24842A0400C64403 /* cup.png */ = {isa = PBXFileReference; lastKnownFileType = image.png; path = cup.png; sourceTree = "<group>"; };
		BC07E57E24842A0400C64403 /* boyWithCup.png */ = {isa = PBXFileReference; lastKnownFileType = image.png; path = boyWithCup.png; sourceTree = "<group>"; };
		BC07E57F24842A0400C64403 /* boy1.png */ = {isa = PBXFileReference; lastKnownFileType = image.png; path = boy1.png; sourceTree = "<group>"; };
		BC07E58024842A0400C64403 /* ball.png */ = {isa = PBXFileReference; lastKnownFileType = image.png; path = ball.png; sourceTree = "<group>"; };
		BC07E58624842D6900C64403 /* man.png */ = {isa = PBXFileReference; lastKnownFileType = image.png; path = man.png; sourceTree = "<group>"; };
		BC07E58724842D6900C64403 /* boy.png */ = {isa = PBXFileReference; lastKnownFileType = image.png; path = boy.png; sourceTree = "<group>"; };
		BC07E5972484517C00C64403 /* fullRequest20.json */ = {isa = PBXFileReference; fileEncoding = 4; lastKnownFileType = text.json; path = fullRequest20.json; sourceTree = "<group>"; };
		BC07E599248455F300C64403 /* fullRequest30.json */ = {isa = PBXFileReference; fileEncoding = 4; lastKnownFileType = text.json; path = fullRequest30.json; sourceTree = "<group>"; };
		BC0DEC112489581C00D8E600 /* TableViewControllerWithFRC + Alerts.swift */ = {isa = PBXFileReference; lastKnownFileType = sourcecode.swift; path = "TableViewControllerWithFRC + Alerts.swift"; sourceTree = "<group>"; };
		BC112FCA2482AA3C006A2529 /* DefaultFetchedResultsControllerDelegate.swift */ = {isa = PBXFileReference; lastKnownFileType = sourcecode.swift; path = DefaultFetchedResultsControllerDelegate.swift; sourceTree = "<group>"; };
		BC210E07245329E10056DDE3 /* Statistics+CoreDataProperties.swift */ = {isa = PBXFileReference; lastKnownFileType = sourcecode.swift; path = "Statistics+CoreDataProperties.swift"; sourceTree = "<group>"; };
		BC210E09245329E10056DDE3 /* TeamStatistic+CoreDataProperties.swift */ = {isa = PBXFileReference; lastKnownFileType = sourcecode.swift; path = "TeamStatistic+CoreDataProperties.swift"; sourceTree = "<group>"; };
		BC210E0B245329E10056DDE3 /* Match+CoreDataProperties.swift */ = {isa = PBXFileReference; lastKnownFileType = sourcecode.swift; path = "Match+CoreDataProperties.swift"; sourceTree = "<group>"; };
		BC210E11245329E10056DDE3 /* TournamentStatistics+CoreDataProperties.swift */ = {isa = PBXFileReference; lastKnownFileType = sourcecode.swift; path = "TournamentStatistics+CoreDataProperties.swift"; sourceTree = "<group>"; };
		BC2486FB24433D0F00454D14 /* TournamentStatistics+CoreDataClass.swift */ = {isa = PBXFileReference; lastKnownFileType = sourcecode.swift; path = "TournamentStatistics+CoreDataClass.swift"; sourceTree = "<group>"; };
		BC24870324433EBF00454D14 /* TeamStatistic+CoreDataClass.swift */ = {isa = PBXFileReference; lastKnownFileType = sourcecode.swift; path = "TeamStatistic+CoreDataClass.swift"; sourceTree = "<group>"; };
		BC3A2CA82444B7C60066D821 /* TeamsTableViewController.swift */ = {isa = PBXFileReference; fileEncoding = 4; lastKnownFileType = sourcecode.swift; path = TeamsTableViewController.swift; sourceTree = "<group>"; };
		BC42A7D02444A4080039A851 /* TabBarController.swift */ = {isa = PBXFileReference; lastKnownFileType = sourcecode.swift; path = TabBarController.swift; sourceTree = "<group>"; };
		BC42A7D22444B3090039A851 /* TeamTableViewCell.swift */ = {isa = PBXFileReference; lastKnownFileType = sourcecode.swift; path = TeamTableViewCell.swift; sourceTree = "<group>"; };
		BC42A7D32444B3090039A851 /* TeamTableViewCell.xib */ = {isa = PBXFileReference; lastKnownFileType = file.xib; path = TeamTableViewCell.xib; sourceTree = "<group>"; };
		BC45CD832446284400C1B580 /* tournaments.json */ = {isa = PBXFileReference; fileEncoding = 4; lastKnownFileType = text.json; path = tournaments.json; sourceTree = "<group>"; };
		BC45CD85244636FC00C1B580 /* Junior.png */ = {isa = PBXFileReference; lastKnownFileType = image.png; path = Junior.png; sourceTree = "<group>"; };
		BC45CD86244636FC00C1B580 /* CBF.png */ = {isa = PBXFileReference; lastKnownFileType = image.png; path = CBF.png; sourceTree = "<group>"; };
		BC45CD87244636FC00C1B580 /* Romania.png */ = {isa = PBXFileReference; lastKnownFileType = image.png; path = Romania.png; sourceTree = "<group>"; };
		BC45CD88244636FC00C1B580 /* Everton.png */ = {isa = PBXFileReference; lastKnownFileType = image.png; path = Everton.png; sourceTree = "<group>"; };
		BC45CD89244636FC00C1B580 /* FMF.png */ = {isa = PBXFileReference; lastKnownFileType = image.png; path = FMF.png; sourceTree = "<group>"; };
		BC45CD8A244636FC00C1B580 /* WestHamUnited.png */ = {isa = PBXFileReference; lastKnownFileType = image.png; path = WestHamUnited.png; sourceTree = "<group>"; };
		BC45CD8B244636FC00C1B580 /* ASM.png */ = {isa = PBXFileReference; lastKnownFileType = image.png; path = ASM.png; sourceTree = "<group>"; };
		BC45CD8C244636FC00C1B580 /* Spartak.png */ = {isa = PBXFileReference; lastKnownFileType = image.png; path = Spartak.png; sourceTree = "<group>"; };
		BC45CD8D244636FC00C1B580 /* SuttonColdfield.png */ = {isa = PBXFileReference; lastKnownFileType = image.png; path = SuttonColdfield.png; sourceTree = "<group>"; };
		BC45CD8E244636FC00C1B580 /* URBSFA.png */ = {isa = PBXFileReference; lastKnownFileType = image.png; path = URBSFA.png; sourceTree = "<group>"; };
		BC45CD8F244636FC00C1B580 /* Sydney.png */ = {isa = PBXFileReference; lastKnownFileType = image.png; path = Sydney.png; sourceTree = "<group>"; };
		BC45CD90244636FC00C1B580 /* ManchesterUnited.png */ = {isa = PBXFileReference; lastKnownFileType = image.png; path = ManchesterUnited.png; sourceTree = "<group>"; };
		BC51CC562487A7D400EE1BE1 /* ExpandableCell.mov */ = {isa = PBXFileReference; lastKnownFileType = video.quicktime; path = ExpandableCell.mov; sourceTree = "<group>"; };
		BC51CC572487A7D400EE1BE1 /* calendar2.mov */ = {isa = PBXFileReference; lastKnownFileType = video.quicktime; path = calendar2.mov; sourceTree = "<group>"; };
		BC51CC582487A7D400EE1BE1 /* calendar3.mov */ = {isa = PBXFileReference; lastKnownFileType = video.quicktime; path = calendar3.mov; sourceTree = "<group>"; };
		BC51CC592487A7D400EE1BE1 /* calendar1.mov */ = {isa = PBXFileReference; lastKnownFileType = video.quicktime; path = calendar1.mov; sourceTree = "<group>"; };
		BC51CC5A2487A7D400EE1BE1 /* pagination.mov */ = {isa = PBXFileReference; lastKnownFileType = video.quicktime; path = pagination.mov; sourceTree = "<group>"; };
		BC51CC5B2487A7D400EE1BE1 /* Презентация.key */ = {isa = PBXFileReference; lastKnownFileType = file; path = "Презентация.key"; sourceTree = "<group>"; };
		BC559A4024543E44007028F5 /* Team+CoreDataProperties.swift */ = {isa = PBXFileReference; lastKnownFileType = sourcecode.swift; path = "Team+CoreDataProperties.swift"; sourceTree = "<group>"; };
		BC559A4124543E44007028F5 /* Tournament+CoreDataProperties.swift */ = {isa = PBXFileReference; lastKnownFileType = sourcecode.swift; path = "Tournament+CoreDataProperties.swift"; sourceTree = "<group>"; };
		BC73BEA2245C552E00700A04 /* ResultsTableSectionHeader.xib */ = {isa = PBXFileReference; lastKnownFileType = file.xib; path = ResultsTableSectionHeader.xib; sourceTree = "<group>"; };
		BC7BA27B24812A2E00753A1E /* DataManagerProtocol.swift */ = {isa = PBXFileReference; lastKnownFileType = sourcecode.swift; path = DataManagerProtocol.swift; sourceTree = "<group>"; };
		BC7BA27D24812E2100753A1E /* TestDataManager.swift */ = {isa = PBXFileReference; lastKnownFileType = sourcecode.swift; path = TestDataManager.swift; sourceTree = "<group>"; };
		BC7F30B3245050900021BB0B /* teams3.json */ = {isa = PBXFileReference; fileEncoding = 4; lastKnownFileType = text.json; path = teams3.json; sourceTree = "<group>"; };
		BC7F30B4245050900021BB0B /* teams2.json */ = {isa = PBXFileReference; fileEncoding = 4; lastKnownFileType = text.json; path = teams2.json; sourceTree = "<group>"; };
		BC7F30B5245050900021BB0B /* teams4.json */ = {isa = PBXFileReference; fileEncoding = 4; lastKnownFileType = text.json; path = teams4.json; sourceTree = "<group>"; };
		BC9CA0D12446061C0017B952 /* TournamentTableViewCell.swift */ = {isa = PBXFileReference; lastKnownFileType = sourcecode.swift; path = TournamentTableViewCell.swift; sourceTree = "<group>"; };
		BC9CA0D22446061C0017B952 /* TournamentTableViewCell.xib */ = {isa = PBXFileReference; lastKnownFileType = file.xib; path = TournamentTableViewCell.xib; sourceTree = "<group>"; };
		BC9CA0D52446063A0017B952 /* TournamentsTableViewController.swift */ = {isa = PBXFileReference; lastKnownFileType = sourcecode.swift; path = TournamentsTableViewController.swift; sourceTree = "<group>"; };
		BCA65EB3244A314500FF9C93 /* DetailTeamTableViewCell.swift */ = {isa = PBXFileReference; lastKnownFileType = sourcecode.swift; path = DetailTeamTableViewCell.swift; sourceTree = "<group>"; };
		BCA65EB4244A314500FF9C93 /* DetailTeamTableViewCell.xib */ = {isa = PBXFileReference; lastKnownFileType = file.xib; path = DetailTeamTableViewCell.xib; sourceTree = "<group>"; };
		BCA65EB7244A3EB500FF9C93 /* DetailTeamTableViewController.swift */ = {isa = PBXFileReference; lastKnownFileType = sourcecode.swift; path = DetailTeamTableViewController.swift; sourceTree = "<group>"; };
		BCA82341244093A700FA67FF /* Statistics+CoreDataClass.swift */ = {isa = PBXFileReference; lastKnownFileType = sourcecode.swift; path = "Statistics+CoreDataClass.swift"; sourceTree = "<group>"; };
		BCA82343244093A700FA67FF /* Team+CoreDataClass.swift */ = {isa = PBXFileReference; lastKnownFileType = sourcecode.swift; path = "Team+CoreDataClass.swift"; sourceTree = "<group>"; };
		BCA82345244093A700FA67FF /* Match+CoreDataClass.swift */ = {isa = PBXFileReference; lastKnownFileType = sourcecode.swift; path = "Match+CoreDataClass.swift"; sourceTree = "<group>"; };
		BCA823552440C6FE00FA67FF /* matches.json */ = {isa = PBXFileReference; fileEncoding = 4; lastKnownFileType = text.json; path = matches.json; sourceTree = "<group>"; };
		BCA823572440E3D900FA67FF /* Tournament+CoreDataClass.swift */ = {isa = PBXFileReference; lastKnownFileType = sourcecode.swift; path = "Tournament+CoreDataClass.swift"; sourceTree = "<group>"; };
		BCAC0D6F2459A40900B1EFA6 /* ResultsTableViewController.swift */ = {isa = PBXFileReference; lastKnownFileType = sourcecode.swift; path = ResultsTableViewController.swift; sourceTree = "<group>"; };
		BCB09C78246B25380070D16D /* fullRequest12.json */ = {isa = PBXFileReference; fileEncoding = 4; lastKnownFileType = text.json; path = fullRequest12.json; sourceTree = "<group>"; };
		BCB09C79246B25380070D16D /* fullRequest11.json */ = {isa = PBXFileReference; fileEncoding = 4; lastKnownFileType = text.json; path = fullRequest11.json; sourceTree = "<group>"; };
		BCB1ADEE244875F6000E3872 /* FIFA2018.png */ = {isa = PBXFileReference; lastKnownFileType = image.png; path = FIFA2018.png; sourceTree = "<group>"; };
		BCB1ADEF244875F7000E3872 /* IFLimage.png */ = {isa = PBXFileReference; lastKnownFileType = image.png; path = IFLimage.png; sourceTree = "<group>"; };
		BCB1ADF0244875F7000E3872 /* FIFA2019.png */ = {isa = PBXFileReference; lastKnownFileType = image.png; path = FIFA2019.png; sourceTree = "<group>"; };
		BCB85544244067E5004BEA34 /* Millionarios.png */ = {isa = PBXFileReference; lastKnownFileType = image.png; path = Millionarios.png; sourceTree = "<group>"; };
		BCB85545244067E5004BEA34 /* RealMadrid.png */ = {isa = PBXFileReference; lastKnownFileType = image.png; path = RealMadrid.png; sourceTree = "<group>"; };
		BCB85546244067E5004BEA34 /* FCB.png */ = {isa = PBXFileReference; lastKnownFileType = image.png; path = FCB.png; sourceTree = "<group>"; };
		BCB85547244067E5004BEA34 /* Wolf.png */ = {isa = PBXFileReference; lastKnownFileType = image.png; path = Wolf.png; sourceTree = "<group>"; };
		BCBBAF18248834D500D41813 /* matches.png */ = {isa = PBXFileReference; lastKnownFileType = image.png; name = matches.png; path = LocalFootball/Presentation/matches.png; sourceTree = SOURCE_ROOT; };
		BCBBAF19248834D500D41813 /* table.png */ = {isa = PBXFileReference; lastKnownFileType = image.png; name = table.png; path = LocalFootball/Presentation/table.png; sourceTree = SOURCE_ROOT; };
		BCBBAF1A248834D500D41813 /* teams&tournaments.png */ = {isa = PBXFileReference; lastKnownFileType = image.png; name = "teams&tournaments.png"; path = "LocalFootball/Presentation/teams&tournaments.png"; sourceTree = SOURCE_ROOT; };
		BCBDFB1E24583B1E003C4EA5 /* fullRequest1.json */ = {isa = PBXFileReference; fileEncoding = 4; lastKnownFileType = text.json; path = fullRequest1.json; sourceTree = "<group>"; };
		BCC59AC7243F88B10066A870 /* LocalFootball.xcdatamodel */ = {isa = PBXFileReference; lastKnownFileType = wrapper.xcdatamodel; path = LocalFootball.xcdatamodel; sourceTree = "<group>"; };
		BCC79C20246D67C000197E57 /* EventsCalendarManager.swift */ = {isa = PBXFileReference; lastKnownFileType = sourcecode.swift; path = EventsCalendarManager.swift; sourceTree = "<group>"; };
		BCD17C592484FA0B0008216E /* CustomAlertViewController.swift */ = {isa = PBXFileReference; lastKnownFileType = sourcecode.swift; path = CustomAlertViewController.swift; sourceTree = "<group>"; };
		BCD17C5A2484FA0B0008216E /* CustomAlertViewController.xib */ = {isa = PBXFileReference; lastKnownFileType = file.xib; path = CustomAlertViewController.xib; sourceTree = "<group>"; };
		BCD8DCAF24584E050053D930 /* matches1.json */ = {isa = PBXFileReference; fileEncoding = 4; lastKnownFileType = text.json; path = matches1.json; sourceTree = "<group>"; };
		BCD8DCB024584E050053D930 /* fullRequest2.json */ = {isa = PBXFileReference; fileEncoding = 4; lastKnownFileType = text.json; path = fullRequest2.json; sourceTree = "<group>"; };
		BCD8DCB124584E050053D930 /* matches2.json */ = {isa = PBXFileReference; fileEncoding = 4; lastKnownFileType = text.json; path = matches2.json; sourceTree = "<group>"; };
		BCD8DCB224584E050053D930 /* matches3.json */ = {isa = PBXFileReference; fileEncoding = 4; lastKnownFileType = text.json; path = matches3.json; sourceTree = "<group>"; };
		BCD8DCB324584E050053D930 /* fullRequest3.json */ = {isa = PBXFileReference; fileEncoding = 4; lastKnownFileType = text.json; path = fullRequest3.json; sourceTree = "<group>"; };
		BCE60A01245C8B6F001B7197 /* ResultsFormTableViewCell.swift */ = {isa = PBXFileReference; lastKnownFileType = sourcecode.swift; path = ResultsFormTableViewCell.swift; sourceTree = "<group>"; };
		BCE60A02245C8B6F001B7197 /* ResultsFormTableViewCell.xib */ = {isa = PBXFileReference; lastKnownFileType = file.xib; path = ResultsFormTableViewCell.xib; sourceTree = "<group>"; };
		BCE7034F24434BDF009D55FC /* teams.json */ = {isa = PBXFileReference; fileEncoding = 4; lastKnownFileType = text.json; path = teams.json; sourceTree = "<group>"; };
		BCE7035524434CC6009D55FC /* teams1.json */ = {isa = PBXFileReference; fileEncoding = 4; lastKnownFileType = text.json; path = teams1.json; sourceTree = "<group>"; };
		BCE747D82443852700984011 /* CoreDataManager.swift */ = {isa = PBXFileReference; lastKnownFileType = sourcecode.swift; path = CoreDataManager.swift; sourceTree = "<group>"; };
		BCE747DC2443A63000984011 /* MatchesTableViewController.swift */ = {isa = PBXFileReference; lastKnownFileType = sourcecode.swift; path = MatchesTableViewController.swift; sourceTree = "<group>"; };
		BCE747E02443AD1600984011 /* MatchTableViewCell.swift */ = {isa = PBXFileReference; lastKnownFileType = sourcecode.swift; path = MatchTableViewCell.swift; sourceTree = "<group>"; };
		BCE747E12443AD1600984011 /* MatchTableViewCell.xib */ = {isa = PBXFileReference; lastKnownFileType = file.xib; path = MatchTableViewCell.xib; sourceTree = "<group>"; };
		BCE79CB52459EF4F003B6767 /* ResultsTableTableViewCell.swift */ = {isa = PBXFileReference; lastKnownFileType = sourcecode.swift; path = ResultsTableTableViewCell.swift; sourceTree = "<group>"; };
		BCE79CB62459EF4F003B6767 /* ResultsTableTableViewCell.xib */ = {isa = PBXFileReference; lastKnownFileType = file.xib; path = ResultsTableTableViewCell.xib; sourceTree = "<group>"; };
		BCF018B6244DA6D800EBD578 /* DataProvider.swift */ = {isa = PBXFileReference; lastKnownFileType = sourcecode.swift; path = DataProvider.swift; sourceTree = "<group>"; };
		BCF0C5E92450B5D50024DB18 /* SceneDelegate.swift */ = {isa = PBXFileReference; fileEncoding = 4; lastKnownFileType = sourcecode.swift; path = SceneDelegate.swift; sourceTree = "<group>"; };
		BCF505D62482EDE200A0D3F2 /* ResultsTableSectionHeader.swift */ = {isa = PBXFileReference; lastKnownFileType = sourcecode.swift; path = ResultsTableSectionHeader.swift; sourceTree = "<group>"; };
		BCF5D58F243F70D5009E9876 /* LocalFootball.app */ = {isa = PBXFileReference; explicitFileType = wrapper.application; includeInIndex = 0; path = LocalFootball.app; sourceTree = BUILT_PRODUCTS_DIR; };
		BCF5D592243F70D5009E9876 /* AppDelegate.swift */ = {isa = PBXFileReference; lastKnownFileType = sourcecode.swift; path = AppDelegate.swift; sourceTree = "<group>"; };
		BCF5D59E243F70D7009E9876 /* Assets.xcassets */ = {isa = PBXFileReference; lastKnownFileType = folder.assetcatalog; path = Assets.xcassets; sourceTree = "<group>"; };
		BCF5D5A1243F70D7009E9876 /* Base */ = {isa = PBXFileReference; lastKnownFileType = file.storyboard; name = Base; path = Base.lproj/LaunchScreen.storyboard; sourceTree = "<group>"; };
		BCF5D5A3243F70D7009E9876 /* Info.plist */ = {isa = PBXFileReference; lastKnownFileType = text.plist.xml; path = Info.plist; sourceTree = "<group>"; };
		BCFDA388244C81E200158C9C /* NetworkManager.swift */ = {isa = PBXFileReference; lastKnownFileType = sourcecode.swift; path = NetworkManager.swift; sourceTree = "<group>"; };
		E8E1F5DE5A1605FD2198BE46 /* Pods-LocalFootball.debug.xcconfig */ = {isa = PBXFileReference; includeInIndex = 1; lastKnownFileType = text.xcconfig; name = "Pods-LocalFootball.debug.xcconfig"; path = "Target Support Files/Pods-LocalFootball/Pods-LocalFootball.debug.xcconfig"; sourceTree = "<group>"; };
/* End PBXFileReference section */

/* Begin PBXFrameworksBuildPhase section */
		BCF5D58C243F70D5009E9876 /* Frameworks */ = {
			isa = PBXFrameworksBuildPhase;
			buildActionMask = 2147483647;
			files = (
				5BED05824EAFB7A0F29F8B69 /* Pods_LocalFootball.framework in Frameworks */,
			);
			runOnlyForDeploymentPostprocessing = 0;
		};
/* End PBXFrameworksBuildPhase section */

/* Begin PBXGroup section */
		889DD826C41CA99A5F0518DA /* Pods */ = {
			isa = PBXGroup;
			children = (
				E8E1F5DE5A1605FD2198BE46 /* Pods-LocalFootball.debug.xcconfig */,
				661884AD00B4875E8D5DAA74 /* Pods-LocalFootball.release.xcconfig */,
			);
			path = Pods;
			sourceTree = "<group>";
		};
		BC210E2224532A710056DDE3 /* Model */ = {
			isa = PBXGroup;
			children = (
				BCC59AC6243F88B10066A870 /* LocalFootball.xcdatamodeld */,
				BCA82345244093A700FA67FF /* Match+CoreDataClass.swift */,
				BC210E0B245329E10056DDE3 /* Match+CoreDataProperties.swift */,
				BCA82341244093A700FA67FF /* Statistics+CoreDataClass.swift */,
				BC210E07245329E10056DDE3 /* Statistics+CoreDataProperties.swift */,
				BCA82343244093A700FA67FF /* Team+CoreDataClass.swift */,
				BC559A4024543E44007028F5 /* Team+CoreDataProperties.swift */,
				BC24870324433EBF00454D14 /* TeamStatistic+CoreDataClass.swift */,
				BC210E09245329E10056DDE3 /* TeamStatistic+CoreDataProperties.swift */,
				BCA823572440E3D900FA67FF /* Tournament+CoreDataClass.swift */,
				BC559A4124543E44007028F5 /* Tournament+CoreDataProperties.swift */,
				BC2486FB24433D0F00454D14 /* TournamentStatistics+CoreDataClass.swift */,
				BC210E11245329E10056DDE3 /* TournamentStatistics+CoreDataProperties.swift */,
			);
			path = Model;
			sourceTree = "<group>";
		};
		BC42A7D62444B3140039A851 /* Teams */ = {
			isa = PBXGroup;
			children = (
				BC3A2CA82444B7C60066D821 /* TeamsTableViewController.swift */,
				BC42A7D22444B3090039A851 /* TeamTableViewCell.swift */,
				BC42A7D32444B3090039A851 /* TeamTableViewCell.xib */,
				BCA65EB7244A3EB500FF9C93 /* DetailTeamTableViewController.swift */,
				BC07E5722483FAC400C64403 /* DetailTeamTableViewController+EventUIKit.swift */,
				BC07E5742483FDC600C64403 /* DetailTeamTableViewCellConfigurator.swift */,
				BCA65EB3244A314500FF9C93 /* DetailTeamTableViewCell.swift */,
				BCA65EB4244A314500FF9C93 /* DetailTeamTableViewCell.xib */,
			);
			path = Teams;
			sourceTree = "<group>";
		};
		BC51CC552487A7D400EE1BE1 /* Presentation */ = {
			isa = PBXGroup;
			children = (
				BC51CC562487A7D400EE1BE1 /* ExpandableCell.mov */,
				BC51CC572487A7D400EE1BE1 /* calendar2.mov */,
				BC51CC582487A7D400EE1BE1 /* calendar3.mov */,
				BC51CC592487A7D400EE1BE1 /* calendar1.mov */,
				BC51CC5A2487A7D400EE1BE1 /* pagination.mov */,
				BC51CC5B2487A7D400EE1BE1 /* Презентация.key */,
			);
			name = Presentation;
			path = LocalFootball/Presentation;
			sourceTree = SOURCE_ROOT;
		};
		BC812086244B72EB00E0B5A2 /* DataProcessing */ = {
			isa = PBXGroup;
			children = (
				BCE747D82443852700984011 /* CoreDataManager.swift */,
				BCF018B6244DA6D800EBD578 /* DataProvider.swift */,
				BC7BA27B24812A2E00753A1E /* DataManagerProtocol.swift */,
				BCFDA388244C81E200158C9C /* NetworkManager.swift */,
				BC7BA27D24812E2100753A1E /* TestDataManager.swift */,
			);
			path = DataProcessing;
			sourceTree = "<group>";
		};
		BC9CA0D7244606490017B952 /* Tournaments */ = {
			isa = PBXGroup;
			children = (
				BC9CA0D52446063A0017B952 /* TournamentsTableViewController.swift */,
				BC07E5762484086D00C64403 /* TournamentTableViewCellConfigurator.swift */,
				BC9CA0D12446061C0017B952 /* TournamentTableViewCell.swift */,
				BC9CA0D22446061C0017B952 /* TournamentTableViewCell.xib */,
			);
			path = Tournaments;
			sourceTree = "<group>";
		};
		BCAC0D712459A41600B1EFA6 /* Results */ = {
			isa = PBXGroup;
			children = (
				BCAC0D6F2459A40900B1EFA6 /* ResultsTableViewController.swift */,
				BCF505D62482EDE200A0D3F2 /* ResultsTableSectionHeader.swift */,
				BC73BEA2245C552E00700A04 /* ResultsTableSectionHeader.xib */,
				BC07E57824840B2000C64403 /* ResultsTableTableViewCellConfigurator.swift */,
				BCE79CB52459EF4F003B6767 /* ResultsTableTableViewCell.swift */,
				BCE79CB62459EF4F003B6767 /* ResultsTableTableViewCell.xib */,
				BC07E57A24840CF800C64403 /* ResultsFormTableViewCellConfigurator.swift */,
				BCE60A01245C8B6F001B7197 /* ResultsFormTableViewCell.swift */,
				BCE60A02245C8B6F001B7197 /* ResultsFormTableViewCell.xib */,
			);
			path = Results;
			sourceTree = "<group>";
		};
		BCB8554C244067EB004BEA34 /* Resourses */ = {
			isa = PBXGroup;
			children = (
				BC51CC552487A7D400EE1BE1 /* Presentation */,
				BCB09C79246B25380070D16D /* fullRequest11.json */,
				BCB09C78246B25380070D16D /* fullRequest12.json */,
				BC07E5972484517C00C64403 /* fullRequest20.json */,
				BCBBAF18248834D500D41813 /* matches.png */,
				BCBBAF19248834D500D41813 /* table.png */,
				BCBBAF1A248834D500D41813 /* teams&tournaments.png */,
				BC07E58024842A0400C64403 /* ball.png */,
				BC07E599248455F300C64403 /* fullRequest30.json */,
				BC07E57F24842A0400C64403 /* boy1.png */,
				BC07E57E24842A0400C64403 /* boyWithCup.png */,
				BC07E57D24842A0400C64403 /* cup.png */,
				BCBDFB1E24583B1E003C4EA5 /* fullRequest1.json */,
				BC07E58724842D6900C64403 /* boy.png */,
				BC07E58624842D6900C64403 /* man.png */,
				BCD8DCB024584E050053D930 /* fullRequest2.json */,
				BCD8DCB324584E050053D930 /* fullRequest3.json */,
				BCD8DCAF24584E050053D930 /* matches1.json */,
				BCD8DCB124584E050053D930 /* matches2.json */,
				BCD8DCB224584E050053D930 /* matches3.json */,
				BCE7035524434CC6009D55FC /* teams1.json */,
				BC7F30B4245050900021BB0B /* teams2.json */,
				BC7F30B3245050900021BB0B /* teams3.json */,
				BC7F30B5245050900021BB0B /* teams4.json */,
				BCB1ADEF244875F7000E3872 /* IFLimage.png */,
				BCB1ADF0244875F7000E3872 /* FIFA2019.png */,
				BCB1ADEE244875F6000E3872 /* FIFA2018.png */,
				BC45CD8B244636FC00C1B580 /* ASM.png */,
				BC45CD86244636FC00C1B580 /* CBF.png */,
				BC45CD88244636FC00C1B580 /* Everton.png */,
				BC45CD89244636FC00C1B580 /* FMF.png */,
				BC45CD85244636FC00C1B580 /* Junior.png */,
				BC45CD90244636FC00C1B580 /* ManchesterUnited.png */,
				BC45CD87244636FC00C1B580 /* Romania.png */,
				BC45CD8C244636FC00C1B580 /* Spartak.png */,
				BC45CD8D244636FC00C1B580 /* SuttonColdfield.png */,
				BC45CD8F244636FC00C1B580 /* Sydney.png */,
				BC45CD8E244636FC00C1B580 /* URBSFA.png */,
				BC45CD8A244636FC00C1B580 /* WestHamUnited.png */,
				BC45CD832446284400C1B580 /* tournaments.json */,
				BCE7034F24434BDF009D55FC /* teams.json */,
				BCA823552440C6FE00FA67FF /* matches.json */,
				BCB85546244067E5004BEA34 /* FCB.png */,
				BCB85544244067E5004BEA34 /* Millionarios.png */,
				BCB85545244067E5004BEA34 /* RealMadrid.png */,
				BCB85547244067E5004BEA34 /* Wolf.png */,
			);
			path = Resourses;
			sourceTree = "<group>";
		};
		BCC445F824852DD700CD5E82 /* Calendar */ = {
			isa = PBXGroup;
			children = (
				BCC79C20246D67C000197E57 /* EventsCalendarManager.swift */,
			);
			path = Calendar;
			sourceTree = "<group>";
		};
		BCD17C5D2484FA110008216E /* CustomAlert */ = {
			isa = PBXGroup;
			children = (
				BCD17C592484FA0B0008216E /* CustomAlertViewController.swift */,
				BCD17C5A2484FA0B0008216E /* CustomAlertViewController.xib */,
			);
			path = CustomAlert;
			sourceTree = "<group>";
		};
		BCE747E42443AD1F00984011 /* Matches */ = {
			isa = PBXGroup;
			children = (
				BCE747DC2443A63000984011 /* MatchesTableViewController.swift */,
				BC07E5702483FA8400C64403 /* MatchesTableViewController+EventUIKit.swift */,
				BC07E56E2483F8BD00C64403 /* MatchTableViewCellConfigurator.swift */,
				BCE747E02443AD1600984011 /* MatchTableViewCell.swift */,
				BCE747E12443AD1600984011 /* MatchTableViewCell.xib */,
			);
			path = Matches;
			sourceTree = "<group>";
		};
		BCF5D586243F70D5009E9876 = {
			isa = PBXGroup;
			children = (
				BCF5D591243F70D5009E9876 /* LocalFootball */,
				BCF5D590243F70D5009E9876 /* Products */,
				889DD826C41CA99A5F0518DA /* Pods */,
				E81BC3F18D068176854FC46C /* Frameworks */,
			);
			sourceTree = "<group>";
		};
		BCF5D590243F70D5009E9876 /* Products */ = {
			isa = PBXGroup;
			children = (
				BCF5D58F243F70D5009E9876 /* LocalFootball.app */,
			);
			name = Products;
			sourceTree = "<group>";
		};
		BCF5D591243F70D5009E9876 /* LocalFootball */ = {
			isa = PBXGroup;
			children = (
				BCF0C5E92450B5D50024DB18 /* SceneDelegate.swift */,
				BCF5D592243F70D5009E9876 /* AppDelegate.swift */,
				BC42A7D02444A4080039A851 /* TabBarController.swift */,
				BC0596DC2481916E0002A305 /* TableViewControllerWithFRC.swift */,
				BC0DEC112489581C00D8E600 /* TableViewControllerWithFRC + Alerts.swift */,
				BC112FCA2482AA3C006A2529 /* DefaultFetchedResultsControllerDelegate.swift */,
				BC210E2224532A710056DDE3 /* Model */,
				BC42A7D62444B3140039A851 /* Teams */,
				BCE747E42443AD1F00984011 /* Matches */,
				BC9CA0D7244606490017B952 /* Tournaments */,
				BCAC0D712459A41600B1EFA6 /* Results */,
				BC812086244B72EB00E0B5A2 /* DataProcessing */,
				BCC445F824852DD700CD5E82 /* Calendar */,
				BCD17C5D2484FA110008216E /* CustomAlert */,
				BCB8554C244067EB004BEA34 /* Resourses */,
				BCF5D59E243F70D7009E9876 /* Assets.xcassets */,
				BCF5D5A0243F70D7009E9876 /* LaunchScreen.storyboard */,
				BCF5D5A3243F70D7009E9876 /* Info.plist */,
			);
			path = LocalFootball;
			sourceTree = "<group>";
		};
		E81BC3F18D068176854FC46C /* Frameworks */ = {
			isa = PBXGroup;
			children = (
				55572B6D378AD514DFD81DDE /* Pods_LocalFootball.framework */,
			);
			name = Frameworks;
			sourceTree = "<group>";
		};
/* End PBXGroup section */

/* Begin PBXNativeTarget section */
		BCF5D58E243F70D5009E9876 /* LocalFootball */ = {
			isa = PBXNativeTarget;
			buildConfigurationList = BCF5D5A6243F70D7009E9876 /* Build configuration list for PBXNativeTarget "LocalFootball" */;
			buildPhases = (
				99CAEDF52C89BF89CA50FEC9 /* [CP] Check Pods Manifest.lock */,
				BCF5D58B243F70D5009E9876 /* Sources */,
				BCF5D58C243F70D5009E9876 /* Frameworks */,
				BCF5D58D243F70D5009E9876 /* Resources */,
				C3E4FE1B7024C816D799EEED /* [CP] Embed Pods Frameworks */,
				BC7A89C92489278400CDBAE7 /* ShellScript */,
			);
			buildRules = (
			);
			dependencies = (
			);
			name = LocalFootball;
			productName = LocalFootball;
			productReference = BCF5D58F243F70D5009E9876 /* LocalFootball.app */;
			productType = "com.apple.product-type.application";
		};
/* End PBXNativeTarget section */

/* Begin PBXProject section */
		BCF5D587243F70D5009E9876 /* Project object */ = {
			isa = PBXProject;
			attributes = {
				LastSwiftUpdateCheck = 1120;
				LastUpgradeCheck = 1120;
				ORGANIZATIONNAME = "Дарья Леонова";
				TargetAttributes = {
					BCF5D58E243F70D5009E9876 = {
						CreatedOnToolsVersion = 11.2.1;
					};
				};
			};
			buildConfigurationList = BCF5D58A243F70D5009E9876 /* Build configuration list for PBXProject "LocalFootball" */;
			compatibilityVersion = "Xcode 9.3";
			developmentRegion = ru;
			hasScannedForEncodings = 0;
			knownRegions = (
				ru,
				Base,
			);
			mainGroup = BCF5D586243F70D5009E9876;
			productRefGroup = BCF5D590243F70D5009E9876 /* Products */;
			projectDirPath = "";
			projectRoot = "";
			targets = (
				BCF5D58E243F70D5009E9876 /* LocalFootball */,
			);
		};
/* End PBXProject section */

/* Begin PBXResourcesBuildPhase section */
		BCF5D58D243F70D5009E9876 /* Resources */ = {
			isa = PBXResourcesBuildPhase;
			buildActionMask = 2147483647;
			files = (
				BCE7035124434BE0009D55FC /* teams.json in Resources */,
				BC51CC5D2487A7D400EE1BE1 /* calendar2.mov in Resources */,
				BCD8DCB724584E050053D930 /* matches3.json in Resources */,
				BCB1ADF3244875F7000E3872 /* FIFA2019.png in Resources */,
				BC73BEA3245C552E00700A04 /* ResultsTableSectionHeader.xib in Resources */,
				BC07E58924842D6900C64403 /* boy.png in Resources */,
				BC9CA0D42446061C0017B952 /* TournamentTableViewCell.xib in Resources */,
				BCD8DCB624584E050053D930 /* matches2.json in Resources */,
				BC07E58824842D6900C64403 /* man.png in Resources */,
				BC7F30B6245050900021BB0B /* teams3.json in Resources */,
				BC45CD842446284400C1B580 /* tournaments.json in Resources */,
				BC45CD97244636FC00C1B580 /* ASM.png in Resources */,
				BC07E58224842A0400C64403 /* cup.png in Resources */,
				BCF5D5A2243F70D7009E9876 /* LaunchScreen.storyboard in Resources */,
				BCD8DCB524584E050053D930 /* fullRequest2.json in Resources */,
				BC42A7D52444B3090039A851 /* TeamTableViewCell.xib in Resources */,
				BCBBAF1D248834D500D41813 /* teams&tournaments.png in Resources */,
				BC51CC5E2487A7D400EE1BE1 /* calendar3.mov in Resources */,
				BC51CC602487A7D400EE1BE1 /* pagination.mov in Resources */,
				BCB09C7B246B25380070D16D /* fullRequest11.json in Resources */,
				BC07E59A248455F400C64403 /* fullRequest30.json in Resources */,
				BCE79CB82459EF4F003B6767 /* ResultsTableTableViewCell.xib in Resources */,
				BC07E58324842A0400C64403 /* boyWithCup.png in Resources */,
				BC07E5982484517C00C64403 /* fullRequest20.json in Resources */,
				BCF5D59F243F70D7009E9876 /* Assets.xcassets in Resources */,
				BC45CD94244636FC00C1B580 /* Everton.png in Resources */,
				BCBBAF1B248834D500D41813 /* matches.png in Resources */,
				BC07E58424842A0400C64403 /* boy1.png in Resources */,
				BC45CD99244636FC00C1B580 /* SuttonColdfield.png in Resources */,
				BC45CD92244636FC00C1B580 /* CBF.png in Resources */,
				BC45CD95244636FC00C1B580 /* FMF.png in Resources */,
				BCB1ADF2244875F7000E3872 /* IFLimage.png in Resources */,
				BC51CC612487A7D400EE1BE1 /* Презентация.key in Resources */,
				BCB8554B244067E5004BEA34 /* Wolf.png in Resources */,
				BCD17C5C2484FA0B0008216E /* CustomAlertViewController.xib in Resources */,
				BC45CD9A244636FC00C1B580 /* URBSFA.png in Resources */,
				BC7F30B7245050900021BB0B /* teams2.json in Resources */,
				BC45CD98244636FC00C1B580 /* Spartak.png in Resources */,
				BCBDFB1F24583B1E003C4EA5 /* fullRequest1.json in Resources */,
				BCA65EB6244A314500FF9C93 /* DetailTeamTableViewCell.xib in Resources */,
				BCB1ADF1244875F7000E3872 /* FIFA2018.png in Resources */,
				BC45CD93244636FC00C1B580 /* Romania.png in Resources */,
				BC51CC5C2487A7D400EE1BE1 /* ExpandableCell.mov in Resources */,
				BCD8DCB824584E050053D930 /* fullRequest3.json in Resources */,
				BC45CD9C244636FC00C1B580 /* ManchesterUnited.png in Resources */,
				BCBBAF1C248834D500D41813 /* table.png in Resources */,
				BC7F30B8245050900021BB0B /* teams4.json in Resources */,
				BC45CD9B244636FC00C1B580 /* Sydney.png in Resources */,
				BCE7035624434CC6009D55FC /* teams1.json in Resources */,
				BCA823562440C6FE00FA67FF /* matches.json in Resources */,
				BCB85549244067E5004BEA34 /* RealMadrid.png in Resources */,
				BC07E58524842A0400C64403 /* ball.png in Resources */,
				BCB09C7A246B25380070D16D /* fullRequest12.json in Resources */,
				BC51CC5F2487A7D400EE1BE1 /* calendar1.mov in Resources */,
				BC45CD96244636FC00C1B580 /* WestHamUnited.png in Resources */,
				BCE60A04245C8B6F001B7197 /* ResultsFormTableViewCell.xib in Resources */,
				BCB85548244067E5004BEA34 /* Millionarios.png in Resources */,
				BCD8DCB424584E050053D930 /* matches1.json in Resources */,
				BCB8554A244067E5004BEA34 /* FCB.png in Resources */,
				BC45CD91244636FC00C1B580 /* Junior.png in Resources */,
				BCE747E32443AD1600984011 /* MatchTableViewCell.xib in Resources */,
			);
			runOnlyForDeploymentPostprocessing = 0;
		};
/* End PBXResourcesBuildPhase section */

/* Begin PBXShellScriptBuildPhase section */
		99CAEDF52C89BF89CA50FEC9 /* [CP] Check Pods Manifest.lock */ = {
			isa = PBXShellScriptBuildPhase;
			buildActionMask = 2147483647;
			files = (
			);
			inputFileListPaths = (
			);
			inputPaths = (
				"${PODS_PODFILE_DIR_PATH}/Podfile.lock",
				"${PODS_ROOT}/Manifest.lock",
			);
			name = "[CP] Check Pods Manifest.lock";
			outputFileListPaths = (
			);
			outputPaths = (
				"$(DERIVED_FILE_DIR)/Pods-LocalFootball-checkManifestLockResult.txt",
			);
			runOnlyForDeploymentPostprocessing = 0;
			shellPath = /bin/sh;
			shellScript = "diff \"${PODS_PODFILE_DIR_PATH}/Podfile.lock\" \"${PODS_ROOT}/Manifest.lock\" > /dev/null\nif [ $? != 0 ] ; then\n    # print error to STDERR\n    echo \"error: The sandbox is not in sync with the Podfile.lock. Run 'pod install' or update your CocoaPods installation.\" >&2\n    exit 1\nfi\n# This output is used by Xcode 'outputs' to avoid re-running this script phase.\necho \"SUCCESS\" > \"${SCRIPT_OUTPUT_FILE_0}\"\n";
			showEnvVarsInLog = 0;
		};
		BC7A89C92489278400CDBAE7 /* ShellScript */ = {
			isa = PBXShellScriptBuildPhase;
			buildActionMask = 2147483647;
			files = (
			);
			inputFileListPaths = (
			);
			inputPaths = (
			);
			outputFileListPaths = (
			);
			outputPaths = (
			);
			runOnlyForDeploymentPostprocessing = 0;
			shellPath = /bin/sh;
			shellScript = "# Type a script or drag a script file from your workspace to insert its path.\n\"${PODS_ROOT}/SwiftLint/swiftlint\"\n";
		};
		C3E4FE1B7024C816D799EEED /* [CP] Embed Pods Frameworks */ = {
			isa = PBXShellScriptBuildPhase;
			buildActionMask = 2147483647;
			files = (
			);
			inputFileListPaths = (
				"${PODS_ROOT}/Target Support Files/Pods-LocalFootball/Pods-LocalFootball-frameworks-${CONFIGURATION}-input-files.xcfilelist",
			);
			name = "[CP] Embed Pods Frameworks";
			outputFileListPaths = (
				"${PODS_ROOT}/Target Support Files/Pods-LocalFootball/Pods-LocalFootball-frameworks-${CONFIGURATION}-output-files.xcfilelist",
			);
			runOnlyForDeploymentPostprocessing = 0;
			shellPath = /bin/sh;
			shellScript = "\"${PODS_ROOT}/Target Support Files/Pods-LocalFootball/Pods-LocalFootball-frameworks.sh\"\n";
			showEnvVarsInLog = 0;
		};
/* End PBXShellScriptBuildPhase section */

/* Begin PBXSourcesBuildPhase section */
		BCF5D58B243F70D5009E9876 /* Sources */ = {
			isa = PBXSourcesBuildPhase;
			buildActionMask = 2147483647;
			files = (
				BCC79C21246D67C000197E57 /* EventsCalendarManager.swift in Sources */,
				BC210E15245329E10056DDE3 /* Statistics+CoreDataProperties.swift in Sources */,
				BCA82347244093A700FA67FF /* Statistics+CoreDataClass.swift in Sources */,
				BC07E5772484086D00C64403 /* TournamentTableViewCellConfigurator.swift in Sources */,
				BC112FCB2482AA3C006A2529 /* DefaultFetchedResultsControllerDelegate.swift in Sources */,
				BC24870524433EBF00454D14 /* TeamStatistic+CoreDataClass.swift in Sources */,
				BCA65EB8244A3EB500FF9C93 /* DetailTeamTableViewController.swift in Sources */,
				BC07E5752483FDC600C64403 /* DetailTeamTableViewCellConfigurator.swift in Sources */,
				BCD17C5B2484FA0B0008216E /* CustomAlertViewController.swift in Sources */,
				BC210E19245329E10056DDE3 /* Match+CoreDataProperties.swift in Sources */,
				BCF0C5EA2450B5D50024DB18 /* SceneDelegate.swift in Sources */,
				BC0596DD2481916F0002A305 /* TableViewControllerWithFRC.swift in Sources */,
				BC559A4224543E44007028F5 /* Team+CoreDataProperties.swift in Sources */,
				BCAC0D702459A40900B1EFA6 /* ResultsTableViewController.swift in Sources */,
				BC07E57B24840CF800C64403 /* ResultsFormTableViewCellConfigurator.swift in Sources */,
				BC559A4324543E44007028F5 /* Tournament+CoreDataProperties.swift in Sources */,
				BC3A2CA92444B7C60066D821 /* TeamsTableViewController.swift in Sources */,
				BC9CA0D62446063A0017B952 /* TournamentsTableViewController.swift in Sources */,
				BCC59AC8243F88B20066A870 /* LocalFootball.xcdatamodeld in Sources */,
				BCE747DE2443A63000984011 /* MatchesTableViewController.swift in Sources */,
				BC7BA27C24812A2E00753A1E /* DataManagerProtocol.swift in Sources */,
				BC42A7D42444B3090039A851 /* TeamTableViewCell.swift in Sources */,
				BC24870124433D0F00454D14 /* TournamentStatistics+CoreDataClass.swift in Sources */,
				BCA8234B244093A700FA67FF /* Match+CoreDataClass.swift in Sources */,
				BCF505D72482EDE200A0D3F2 /* ResultsTableSectionHeader.swift in Sources */,
				BCE747D92443852700984011 /* CoreDataManager.swift in Sources */,
				BCFDA389244C81E200158C9C /* NetworkManager.swift in Sources */,
				BC07E5712483FA8400C64403 /* MatchesTableViewController+EventUIKit.swift in Sources */,
				BCA65EB5244A314500FF9C93 /* DetailTeamTableViewCell.swift in Sources */,
				BC42A7D12444A4080039A851 /* TabBarController.swift in Sources */,
				BCF5D593243F70D5009E9876 /* AppDelegate.swift in Sources */,
				BC07E57924840B2000C64403 /* ResultsTableTableViewCellConfigurator.swift in Sources */,
				BCE747E22443AD1600984011 /* MatchTableViewCell.swift in Sources */,
				BCA82349244093A700FA67FF /* Team+CoreDataClass.swift in Sources */,
				BCE60A03245C8B6F001B7197 /* ResultsFormTableViewCell.swift in Sources */,
				BC210E17245329E10056DDE3 /* TeamStatistic+CoreDataProperties.swift in Sources */,
				BC07E56F2483F8BD00C64403 /* MatchTableViewCellConfigurator.swift in Sources */,
				BC7BA27E24812E2100753A1E /* TestDataManager.swift in Sources */,
				BC210E1F245329E10056DDE3 /* TournamentStatistics+CoreDataProperties.swift in Sources */,
				BC9CA0D32446061C0017B952 /* TournamentTableViewCell.swift in Sources */,
				BCE79CB72459EF4F003B6767 /* ResultsTableTableViewCell.swift in Sources */,
				BCF018B7244DA6D800EBD578 /* DataProvider.swift in Sources */,
				BC07E5732483FAC400C64403 /* DetailTeamTableViewController+EventUIKit.swift in Sources */,
				BCA823592440E3DA00FA67FF /* Tournament+CoreDataClass.swift in Sources */,
				BC0DEC122489581C00D8E600 /* TableViewControllerWithFRC + Alerts.swift in Sources */,
			);
			runOnlyForDeploymentPostprocessing = 0;
		};
/* End PBXSourcesBuildPhase section */

/* Begin PBXVariantGroup section */
		BCF5D5A0243F70D7009E9876 /* LaunchScreen.storyboard */ = {
			isa = PBXVariantGroup;
			children = (
				BCF5D5A1243F70D7009E9876 /* Base */,
			);
			name = LaunchScreen.storyboard;
			sourceTree = "<group>";
		};
/* End PBXVariantGroup section */

/* Begin XCBuildConfiguration section */
		BCF5D5A4243F70D7009E9876 /* Debug */ = {
			isa = XCBuildConfiguration;
			buildSettings = {
				ALWAYS_SEARCH_USER_PATHS = NO;
				CLANG_ANALYZER_NONNULL = YES;
				CLANG_ANALYZER_NUMBER_OBJECT_CONVERSION = YES_AGGRESSIVE;
				CLANG_CXX_LANGUAGE_STANDARD = "gnu++14";
				CLANG_CXX_LIBRARY = "libc++";
				CLANG_ENABLE_MODULES = YES;
				CLANG_ENABLE_OBJC_ARC = YES;
				CLANG_ENABLE_OBJC_WEAK = YES;
				CLANG_WARN_BLOCK_CAPTURE_AUTORELEASING = YES;
				CLANG_WARN_BOOL_CONVERSION = YES;
				CLANG_WARN_COMMA = YES;
				CLANG_WARN_CONSTANT_CONVERSION = YES;
				CLANG_WARN_DEPRECATED_OBJC_IMPLEMENTATIONS = YES;
				CLANG_WARN_DIRECT_OBJC_ISA_USAGE = YES_ERROR;
				CLANG_WARN_DOCUMENTATION_COMMENTS = YES;
				CLANG_WARN_EMPTY_BODY = YES;
				CLANG_WARN_ENUM_CONVERSION = YES;
				CLANG_WARN_INFINITE_RECURSION = YES;
				CLANG_WARN_INT_CONVERSION = YES;
				CLANG_WARN_NON_LITERAL_NULL_CONVERSION = YES;
				CLANG_WARN_OBJC_IMPLICIT_RETAIN_SELF = YES;
				CLANG_WARN_OBJC_LITERAL_CONVERSION = YES;
				CLANG_WARN_OBJC_ROOT_CLASS = YES_ERROR;
				CLANG_WARN_RANGE_LOOP_ANALYSIS = YES;
				CLANG_WARN_STRICT_PROTOTYPES = YES;
				CLANG_WARN_SUSPICIOUS_MOVE = YES;
				CLANG_WARN_UNGUARDED_AVAILABILITY = YES_AGGRESSIVE;
				CLANG_WARN_UNREACHABLE_CODE = YES;
				CLANG_WARN__DUPLICATE_METHOD_MATCH = YES;
				COPY_PHASE_STRIP = NO;
				DEBUG_INFORMATION_FORMAT = dwarf;
				ENABLE_STRICT_OBJC_MSGSEND = YES;
				ENABLE_TESTABILITY = YES;
				GCC_C_LANGUAGE_STANDARD = gnu11;
				GCC_DYNAMIC_NO_PIC = NO;
				GCC_NO_COMMON_BLOCKS = YES;
				GCC_OPTIMIZATION_LEVEL = 0;
				GCC_PREPROCESSOR_DEFINITIONS = (
					"DEBUG=1",
					"$(inherited)",
				);
				GCC_WARN_64_TO_32_BIT_CONVERSION = YES;
				GCC_WARN_ABOUT_RETURN_TYPE = YES_ERROR;
				GCC_WARN_UNDECLARED_SELECTOR = YES;
				GCC_WARN_UNINITIALIZED_AUTOS = YES_AGGRESSIVE;
				GCC_WARN_UNUSED_FUNCTION = YES;
				GCC_WARN_UNUSED_VARIABLE = YES;
				IPHONEOS_DEPLOYMENT_TARGET = 13.0;
				MTL_ENABLE_DEBUG_INFO = INCLUDE_SOURCE;
				MTL_FAST_MATH = YES;
				ONLY_ACTIVE_ARCH = YES;
				SDKROOT = iphoneos;
				SWIFT_ACTIVE_COMPILATION_CONDITIONS = DEBUG;
				SWIFT_OPTIMIZATION_LEVEL = "-Onone";
			};
			name = Debug;
		};
		BCF5D5A5243F70D7009E9876 /* Release */ = {
			isa = XCBuildConfiguration;
			buildSettings = {
				ALWAYS_SEARCH_USER_PATHS = NO;
				CLANG_ANALYZER_NONNULL = YES;
				CLANG_ANALYZER_NUMBER_OBJECT_CONVERSION = YES_AGGRESSIVE;
				CLANG_CXX_LANGUAGE_STANDARD = "gnu++14";
				CLANG_CXX_LIBRARY = "libc++";
				CLANG_ENABLE_MODULES = YES;
				CLANG_ENABLE_OBJC_ARC = YES;
				CLANG_ENABLE_OBJC_WEAK = YES;
				CLANG_WARN_BLOCK_CAPTURE_AUTORELEASING = YES;
				CLANG_WARN_BOOL_CONVERSION = YES;
				CLANG_WARN_COMMA = YES;
				CLANG_WARN_CONSTANT_CONVERSION = YES;
				CLANG_WARN_DEPRECATED_OBJC_IMPLEMENTATIONS = YES;
				CLANG_WARN_DIRECT_OBJC_ISA_USAGE = YES_ERROR;
				CLANG_WARN_DOCUMENTATION_COMMENTS = YES;
				CLANG_WARN_EMPTY_BODY = YES;
				CLANG_WARN_ENUM_CONVERSION = YES;
				CLANG_WARN_INFINITE_RECURSION = YES;
				CLANG_WARN_INT_CONVERSION = YES;
				CLANG_WARN_NON_LITERAL_NULL_CONVERSION = YES;
				CLANG_WARN_OBJC_IMPLICIT_RETAIN_SELF = YES;
				CLANG_WARN_OBJC_LITERAL_CONVERSION = YES;
				CLANG_WARN_OBJC_ROOT_CLASS = YES_ERROR;
				CLANG_WARN_RANGE_LOOP_ANALYSIS = YES;
				CLANG_WARN_STRICT_PROTOTYPES = YES;
				CLANG_WARN_SUSPICIOUS_MOVE = YES;
				CLANG_WARN_UNGUARDED_AVAILABILITY = YES_AGGRESSIVE;
				CLANG_WARN_UNREACHABLE_CODE = YES;
				CLANG_WARN__DUPLICATE_METHOD_MATCH = YES;
				COPY_PHASE_STRIP = NO;
				DEBUG_INFORMATION_FORMAT = "dwarf-with-dsym";
				ENABLE_NS_ASSERTIONS = NO;
				ENABLE_STRICT_OBJC_MSGSEND = YES;
				GCC_C_LANGUAGE_STANDARD = gnu11;
				GCC_NO_COMMON_BLOCKS = YES;
				GCC_WARN_64_TO_32_BIT_CONVERSION = YES;
				GCC_WARN_ABOUT_RETURN_TYPE = YES_ERROR;
				GCC_WARN_UNDECLARED_SELECTOR = YES;
				GCC_WARN_UNINITIALIZED_AUTOS = YES_AGGRESSIVE;
				GCC_WARN_UNUSED_FUNCTION = YES;
				GCC_WARN_UNUSED_VARIABLE = YES;
				IPHONEOS_DEPLOYMENT_TARGET = 13.0;
				MTL_ENABLE_DEBUG_INFO = NO;
				MTL_FAST_MATH = YES;
				SDKROOT = iphoneos;
				SWIFT_COMPILATION_MODE = wholemodule;
				SWIFT_OPTIMIZATION_LEVEL = "-O";
				VALIDATE_PRODUCT = YES;
			};
			name = Release;
		};
		BCF5D5A7243F70D7009E9876 /* Debug */ = {
			isa = XCBuildConfiguration;
			baseConfigurationReference = E8E1F5DE5A1605FD2198BE46 /* Pods-LocalFootball.debug.xcconfig */;
			buildSettings = {
				ASSETCATALOG_COMPILER_APPICON_NAME = AppIcon;
				CODE_SIGN_STYLE = Automatic;
				DEVELOPMENT_TEAM = A5358JG4KP;
				INFOPLIST_FILE = LocalFootball/Info.plist;
				IPHONEOS_DEPLOYMENT_TARGET = 13.0;
				LD_RUNPATH_SEARCH_PATHS = (
					"$(inherited)",
					"@executable_path/Frameworks",
				);
				PRODUCT_BUNDLE_IDENTIFIER = DariaLeonova.LocalFootball;
				PRODUCT_NAME = "$(TARGET_NAME)";
				SWIFT_VERSION = 5.0;
				TARGETED_DEVICE_FAMILY = 1;
			};
			name = Debug;
		};
		BCF5D5A8243F70D7009E9876 /* Release */ = {
			isa = XCBuildConfiguration;
			baseConfigurationReference = 661884AD00B4875E8D5DAA74 /* Pods-LocalFootball.release.xcconfig */;
			buildSettings = {
				ASSETCATALOG_COMPILER_APPICON_NAME = AppIcon;
				CODE_SIGN_STYLE = Automatic;
				DEVELOPMENT_TEAM = A5358JG4KP;
				INFOPLIST_FILE = LocalFootball/Info.plist;
				IPHONEOS_DEPLOYMENT_TARGET = 13.0;
				LD_RUNPATH_SEARCH_PATHS = (
					"$(inherited)",
					"@executable_path/Frameworks",
				);
				PRODUCT_BUNDLE_IDENTIFIER = DariaLeonova.LocalFootball;
				PRODUCT_NAME = "$(TARGET_NAME)";
				SWIFT_VERSION = 5.0;
				TARGETED_DEVICE_FAMILY = 1;
			};
			name = Release;
		};
/* End XCBuildConfiguration section */

/* Begin XCConfigurationList section */
		BCF5D58A243F70D5009E9876 /* Build configuration list for PBXProject "LocalFootball" */ = {
			isa = XCConfigurationList;
			buildConfigurations = (
				BCF5D5A4243F70D7009E9876 /* Debug */,
				BCF5D5A5243F70D7009E9876 /* Release */,
			);
			defaultConfigurationIsVisible = 0;
			defaultConfigurationName = Release;
		};
		BCF5D5A6243F70D7009E9876 /* Build configuration list for PBXNativeTarget "LocalFootball" */ = {
			isa = XCConfigurationList;
			buildConfigurations = (
				BCF5D5A7243F70D7009E9876 /* Debug */,
				BCF5D5A8243F70D7009E9876 /* Release */,
			);
			defaultConfigurationIsVisible = 0;
			defaultConfigurationName = Release;
		};
/* End XCConfigurationList section */

/* Begin XCVersionGroup section */
		BCC59AC6243F88B10066A870 /* LocalFootball.xcdatamodeld */ = {
			isa = XCVersionGroup;
			children = (
				BCC59AC7243F88B10066A870 /* LocalFootball.xcdatamodel */,
			);
			currentVersion = BCC59AC7243F88B10066A870 /* LocalFootball.xcdatamodel */;
			path = LocalFootball.xcdatamodeld;
			sourceTree = "<group>";
			versionGroupType = wrapper.xcdatamodel;
		};
/* End XCVersionGroup section */
	};
	rootObject = BCF5D587243F70D5009E9876 /* Project object */;
}
