PODS:
  - SDWebImage (5.8.0):
    - SDWebImage/Core (= 5.8.0)
  - SDWebImage/Core (5.8.0)
  - SwiftyJSON (5.0.0)

DEPENDENCIES:
  - SDWebImage
  - SwiftyJSON

SPEC REPOS:
  trunk:
    - SDWebImage
    - SwiftyJSON

SPEC CHECKSUMS:
  SDWebImage: 84000f962cbfa70c07f19d2234cbfcf5d779b5dc
  SwiftyJSON: 36413e04c44ee145039d332b4f4e2d3e8d6c4db7

PODFILE CHECKSUM: fdcc5013f55d2704532868f2f2fe56e7998c8c51

COCOAPODS: 1.9.1
